
Microsoft Visual Studio Solution File, Format Version 12.00
# Visual Studio Version 16
VisualStudioVersion = 16.0.33130.400
MinimumVisualStudioVersion = 10.0.40219.1
Project("{C9674DCB-5085-4A16-B785-4C70DD1589BD}") = "Integration Services Project1", "Integration Services Project1\Integration Services Project1.dtproj", "{4B6AC320-0A30-4D50-8ED5-B99805172E10}"
EndProject
Project("{C9674DCB-5085-4A16-B785-4C70DD1589BD}") = "Evaluacion 4.7 – Jorge Arana", "Evaluacion 4.7 – Jorge Arana\Evaluacion 4.7 – Jorge Arana.dtproj", "{65B8055C-6D84-4481-BB7C-CA1F37E5F958}"
EndProject
Project("{C9674DCB-5085-4A16-B785-4C70DD1589BD}") = "Evaluacion 4.2 – Arana Rodriguez Alarcon Herrera", "Evaluacion 4.2 – Jorge Arana\Evaluacion 4.2 – Arana Rodriguez Alarcon Herrera.dtproj", "{A3C48D82-FF03-4AC9-AD56-3E3A1AF4F330}"
EndProject
Project("{C9674DCB-5085-4A16-B785-4C70DD1589BD}") = "Evaluación 4.4 - Arana Rodriguez Alarcon Herrera", "Evaluación 4.4 - Arana Rodriguez Alarcon Herrera\Evaluación 4.4 - Arana Rodriguez Alarcon Herrera.dtproj", "{929F56B6-BF80-43B2-BAA1-4042EA232019}"
EndProject
Project("{C9674DCB-5085-4A16-B785-4C70DD1589BD}") = "Evaluacion 4.6 - Arana Rodriguez Alarcon Herrera", "Evaluacion 4.6 - Arana Rodriguez Alarcon Herrera\Evaluacion 4.6 - Arana Rodriguez Alarcon Herrera.dtproj", "{C815706B-995C-428A-B974-E220210FE4FC}"
EndProject
Project("{C9674DCB-5085-4A16-B785-4C70DD1589BD}") = "Evaluacion 4.12- Arana Alarcon Herrera Rodriguez", "Evaluacion 4.12- Arana Alarcon Herrera Rodriguez\Evaluacion 4.12- Arana Alarcon Herrera Rodriguez.dtproj", "{E3738499-F082-410F-B1B7-FE890CDD36B0}"
EndProject
Project("{C9674DCB-5085-4A16-B785-4C70DD1589BD}") = "Evaluacion 4.10 Arana Alarcon Herrera Rodriguez", "Evaluacion 4.10 Arana Alarcon Herrera Rodriguez\Evaluacion 4.10 Arana Alarcon Herrera Rodriguez.dtproj", "{7B522B2C-F6AE-4FB8-A763-CE902FD370AC}"
EndProject
Project("{C9674DCB-5085-4A16-B785-4C70DD1589BD}") = "Evaluacion 4.9 - Arana Alarcon Herrera Rodriguez", "Evaluacion 4.9 - Arana Alarcon Herrera Rodriguez\Evaluacion 4.9 - Arana Alarcon Herrera Rodriguez.dtproj", "{B86270B8-B37A-4264-A4AE-F5CC5CB114A1}"
EndProject
Project("{C9674DCB-5085-4A16-B785-4C70DD1589BD}") = "Evaluacion 4.8 - Arana Alarcon Herrera Rodriguez", "Evaluacion 4.8 - Arana Alarcon Herrera Rodriguez\Evaluacion 4.8 - Arana Alarcon Herrera Rodriguez.dtproj", "{33FD6A1C-5095-4A56-BB55-6852DCCABF9E}"
EndProject
Project("{C9674DCB-5085-4A16-B785-4C70DD1589BD}") = "“Evaluacion 4.5 – Arana Alarcon Herrera Rodriguez", "“Evaluacion 4.5 – Arana Alarcon Herrera Rodriguez\“Evaluacion 4.5 – Arana Alarcon Herrera Rodriguez.dtproj", "{8F02F849-262D-41E7-B520-358915117AB4}"
EndProject
Global
	GlobalSection(SolutionConfigurationPlatforms) = preSolution
		Development|Default = Development|Default
	EndGlobalSection
	GlobalSection(ProjectConfigurationPlatforms) = postSolution
		{4B6AC320-0A30-4D50-8ED5-B99805172E10}.Development|Default.ActiveCfg = Development
		{4B6AC320-0A30-4D50-8ED5-B99805172E10}.Development|Default.Build.0 = Development
		{65B8055C-6D84-4481-BB7C-CA1F37E5F958}.Development|Default.ActiveCfg = Development
		{65B8055C-6D84-4481-BB7C-CA1F37E5F958}.Development|Default.Build.0 = Development
		{A3C48D82-FF03-4AC9-AD56-3E3A1AF4F330}.Development|Default.ActiveCfg = Development
		{A3C48D82-FF03-4AC9-AD56-3E3A1AF4F330}.Development|Default.Build.0 = Development
		{929F56B6-BF80-43B2-BAA1-4042EA232019}.Development|Default.ActiveCfg = Development
		{929F56B6-BF80-43B2-BAA1-4042EA232019}.Development|Default.Build.0 = Development
		{C815706B-995C-428A-B974-E220210FE4FC}.Development|Default.ActiveCfg = Development
		{C815706B-995C-428A-B974-E220210FE4FC}.Development|Default.Build.0 = Development
		{E3738499-F082-410F-B1B7-FE890CDD36B0}.Development|Default.ActiveCfg = Development
		{E3738499-F082-410F-B1B7-FE890CDD36B0}.Development|Default.Build.0 = Development
		{7B522B2C-F6AE-4FB8-A763-CE902FD370AC}.Development|Default.ActiveCfg = Development
		{7B522B2C-F6AE-4FB8-A763-CE902FD370AC}.Development|Default.Build.0 = Development
		{B86270B8-B37A-4264-A4AE-F5CC5CB114A1}.Development|Default.ActiveCfg = Development
		{B86270B8-B37A-4264-A4AE-F5CC5CB114A1}.Development|Default.Build.0 = Development
		{33FD6A1C-5095-4A56-BB55-6852DCCABF9E}.Development|Default.ActiveCfg = Development
		{33FD6A1C-5095-4A56-BB55-6852DCCABF9E}.Development|Default.Build.0 = Development
		{8F02F849-262D-41E7-B520-358915117AB4}.Development|Default.ActiveCfg = Development
		{8F02F849-262D-41E7-B520-358915117AB4}.Development|Default.Build.0 = Development
	EndGlobalSection
	GlobalSection(SolutionProperties) = preSolution
		HideSolutionNode = FALSE
	EndGlobalSection
	GlobalSection(ExtensibilityGlobals) = postSolution
		SolutionGuid = {8DC08E5D-ADF2-494C-BC2D-A455D2B6A39D}
	EndGlobalSection
EndGlobal
